
Microsoft Visual Studio Solution File, Format Version 12.00
# Visual Studio Version 17
VisualStudioVersion = 17.7.34024.191
MinimumVisualStudioVersion = 10.0.40219.1
Project("{FAE04EC0-301F-11D3-BF4B-00C04F79EFBC}") = "InterceptorFilterDataBinding", "InterceptorFilterDataBinding\InterceptorFilterDataBinding.csproj", "{C2327B71-BA44-4524-98C7-7E08D2594ECB}"
EndProject
Global
	GlobalSection(SolutionConfigurationPlatforms) = preSolution
		Debug|Any CPU = Debug|Any CPU
		Release|Any CPU = Release|Any CPU
	EndGlobalSection
	GlobalSection(ProjectConfigurationPlatforms) = postSolution
		{C2327B71-BA44-4524-98C7-7E08D2594ECB}.Debug|Any CPU.ActiveCfg = Debug|Any CPU
		{C2327B71-BA44-4524-98C7-7E08D2594ECB}.Debug|Any CPU.Build.0 = Debug|Any CPU
		{C2327B71-BA44-4524-98C7-7E08D2594ECB}.Release|Any CPU.ActiveCfg = Release|Any CPU
		{C2327B71-BA44-4524-98C7-7E08D2594ECB}.Release|Any CPU.Build.0 = Release|Any CPU
	EndGlobalSection
	GlobalSection(SolutionProperties) = preSolution
		HideSolutionNode = FALSE
	EndGlobalSection
	GlobalSection(ExtensibilityGlobals) = postSolution
		SolutionGuid = {033F6EB6-C30E-4F47-9CBE-128197453C02}
	EndGlobalSection
EndGlobal
